
Microsoft Visual Studio Solution File, Format Version 12.00
# Visual Studio Version 17
VisualStudioVersion = 17.14.36202.13 d17.14
MinimumVisualStudioVersion = 10.0.40219.1
Project("{FAE04EC0-301F-11D3-BF4B-00C04F79EFBC}") = "Atividade 2", "Atividade 2\Atividade 2.csproj", "{B302EB99-0A0E-444F-95CB-14F176BCEFBB}"
EndProject
Global
	GlobalSection(SolutionConfigurationPlatforms) = preSolution
		Debug|Any CPU = Debug|Any CPU
		Release|Any CPU = Release|Any CPU
	EndGlobalSection
	GlobalSection(ProjectConfigurationPlatforms) = postSolution
		{B302EB99-0A0E-444F-95CB-14F176BCEFBB}.Debug|Any CPU.ActiveCfg = Debug|Any CPU
		{B302EB99-0A0E-444F-95CB-14F176BCEFBB}.Debug|Any CPU.Build.0 = Debug|Any CPU
		{B302EB99-0A0E-444F-95CB-14F176BCEFBB}.Release|Any CPU.ActiveCfg = Release|Any CPU
		{B302EB99-0A0E-444F-95CB-14F176BCEFBB}.Release|Any CPU.Build.0 = Release|Any CPU
	EndGlobalSection
	GlobalSection(SolutionProperties) = preSolution
		HideSolutionNode = FALSE
	EndGlobalSection
	GlobalSection(ExtensibilityGlobals) = postSolution
		SolutionGuid = {5EC609D4-87F6-4636-A582-452BF22B4CEA}
	EndGlobalSection
EndGlobal
